// !$*UTF8*$!
{
	archiveVersion = 1;
	classes = {
	};
	objectVersion = 50;
	objects = {

/* Begin PBXBuildFile section */
		9BC75C8B221F803C0024F125 /* AppDelegate.swift in Sources */ = {isa = PBXBuildFile; fileRef = 9BC75C8A221F803C0024F125 /* AppDelegate.swift */; };
		9BC75C8D221F803C0024F125 /* ViewController.swift in Sources */ = {isa = PBXBuildFile; fileRef = 9BC75C8C221F803C0024F125 /* ViewController.swift */; };
		9BC75C90221F803C0024F125 /* Main.storyboard in Resources */ = {isa = PBXBuildFile; fileRef = 9BC75C8E221F803C0024F125 /* Main.storyboard */; };
		9BC75C92221F803E0024F125 /* Assets.xcassets in Resources */ = {isa = PBXBuildFile; fileRef = 9BC75C91221F803E0024F125 /* Assets.xcassets */; };
		9BC75C95221F803E0024F125 /* LaunchScreen.storyboard in Resources */ = {isa = PBXBuildFile; fileRef = 9BC75C93221F803E0024F125 /* LaunchScreen.storyboard */; };
		9BC75CA0221F803E0024F125 /* flixassignmentTests.swift in Sources */ = {isa = PBXBuildFile; fileRef = 9BC75C9F221F803E0024F125 /* flixassignmentTests.swift */; };
		9BC75CAB221F803E0024F125 /* flixassignmentUITests.swift in Sources */ = {isa = PBXBuildFile; fileRef = 9BC75CAA221F803E0024F125 /* flixassignmentUITests.swift */; };
/* End PBXBuildFile section */

/* Begin PBXContainerItemProxy section */
		9BC75C9C221F803E0024F125 /* PBXContainerItemProxy */ = {
			isa = PBXContainerItemProxy;
			containerPortal = 9BC75C7F221F803C0024F125 /* Project object */;
			proxyType = 1;
			remoteGlobalIDString = 9BC75C86221F803C0024F125;
			remoteInfo = flixassignment;
		};
		9BC75CA7221F803E0024F125 /* PBXContainerItemProxy */ = {
			isa = PBXContainerItemProxy;
			containerPortal = 9BC75C7F221F803C0024F125 /* Project object */;
			proxyType = 1;
			remoteGlobalIDString = 9BC75C86221F803C0024F125;
			remoteInfo = flixassignment;
		};
/* End PBXContainerItemProxy section */

/* Begin PBXFileReference section */
		9BC75C87221F803C0024F125 /* flixassignment.app */ = {isa = PBXFileReference; explicitFileType = wrapper.application; includeInIndex = 0; path = flixassignment.app; sourceTree = BUILT_PRODUCTS_DIR; };
		9BC75C8A221F803C0024F125 /* AppDelegate.swift */ = {isa = PBXFileReference; lastKnownFileType = sourcecode.swift; path = AppDelegate.swift; sourceTree = "<group>"; };
		9BC75C8C221F803C0024F125 /* ViewController.swift */ = {isa = PBXFileReference; lastKnownFileType = sourcecode.swift; path = ViewController.swift; sourceTree = "<group>"; };
		9BC75C8F221F803C0024F125 /* Base */ = {isa = PBXFileReference; lastKnownFileType = file.storyboard; name = Base; path = Base.lproj/Main.storyboard; sourceTree = "<group>"; };
		9BC75C91221F803E0024F125 /* Assets.xcassets */ = {isa = PBXFileReference; lastKnownFileType = folder.assetcatalog; path = Assets.xcassets; sourceTree = "<group>"; };
		9BC75C94221F803E0024F125 /* Base */ = {isa = PBXFileReference; lastKnownFileType = file.storyboard; name = Base; path = Base.lproj/LaunchScreen.storyboard; sourceTree = "<group>"; };
		9BC75C96221F803E0024F125 /* Info.plist */ = {isa = PBXFileReference; lastKnownFileType = text.plist.xml; path = Info.plist; sourceTree = "<group>"; };
		9BC75C9B221F803E0024F125 /* flixassignmentTests.xctest */ = {isa = PBXFileReference; explicitFileType = wrapper.cfbundle; includeInIndex = 0; path = flixassignmentTests.xctest; sourceTree = BUILT_PRODUCTS_DIR; };
		9BC75C9F221F803E0024F125 /* flixassignmentTests.swift */ = {isa = PBXFileReference; lastKnownFileType = sourcecode.swift; path = flixassignmentTests.swift; sourceTree = "<group>"; };
		9BC75CA1221F803E0024F125 /* Info.plist */ = {isa = PBXFileReference; lastKnownFileType = text.plist.xml; path = Info.plist; sourceTree = "<group>"; };
		9BC75CA6221F803E0024F125 /* flixassignmentUITests.xctest */ = {isa = PBXFileReference; explicitFileType = wrapper.cfbundle; includeInIndex = 0; path = flixassignmentUITests.xctest; sourceTree = BUILT_PRODUCTS_DIR; };
		9BC75CAA221F803E0024F125 /* flixassignmentUITests.swift */ = {isa = PBXFileReference; lastKnownFileType = sourcecode.swift; path = flixassignmentUITests.swift; sourceTree = "<group>"; };
		9BC75CAC221F803E0024F125 /* Info.plist */ = {isa = PBXFileReference; lastKnownFileType = text.plist.xml; path = Info.plist; sourceTree = "<group>"; };
/* End PBXFileReference section */

/* Begin PBXFrameworksBuildPhase section */
		9BC75C84221F803C0024F125 /* Frameworks */ = {
			isa = PBXFrameworksBuildPhase;
			buildActionMask = 2147483647;
			files = (
			);
			runOnlyForDeploymentPostprocessing = 0;
		};
		9BC75C98221F803E0024F125 /* Frameworks */ = {
			isa = PBXFrameworksBuildPhase;
			buildActionMask = 2147483647;
			files = (
			);
			runOnlyForDeploymentPostprocessing = 0;
		};
		9BC75CA3221F803E0024F125 /* Frameworks */ = {
			isa = PBXFrameworksBuildPhase;
			buildActionMask = 2147483647;
			files = (
			);
			runOnlyForDeploymentPostprocessing = 0;
		};
/* End PBXFrameworksBuildPhase section */

/* Begin PBXGroup section */
		9BC75C7E221F803C0024F125 = {
			isa = PBXGroup;
			children = (
				9BC75C89221F803C0024F125 /* flixassignment */,
				9BC75C9E221F803E0024F125 /* flixassignmentTests */,
				9BC75CA9221F803E0024F125 /* flixassignmentUITests */,
				9BC75C88221F803C0024F125 /* Products */,
			);
			sourceTree = "<group>";
		};
		9BC75C88221F803C0024F125 /* Products */ = {
			isa = PBXGroup;
			children = (
				9BC75C87221F803C0024F125 /* flixassignment.app */,
				9BC75C9B221F803E0024F125 /* flixassignmentTests.xctest */,
				9BC75CA6221F803E0024F125 /* flixassignmentUITests.xctest */,
			);
			name = Products;
			sourceTree = "<group>";
		};
		9BC75C89221F803C0024F125 /* flixassignment */ = {
			isa = PBXGroup;
			children = (
				9BC75C8A221F803C0024F125 /* AppDelegate.swift */,
				9BC75C8C221F803C0024F125 /* ViewController.swift */,
				9BC75C8E221F803C0024F125 /* Main.storyboard */,
				9BC75C91221F803E0024F125 /* Assets.xcassets */,
				9BC75C93221F803E0024F125 /* LaunchScreen.storyboard */,
				9BC75C96221F803E0024F125 /* Info.plist */,
			);
			path = flixassignment;
			sourceTree = "<group>";
		};
		9BC75C9E221F803E0024F125 /* flixassignmentTests */ = {
			isa = PBXGroup;
			children = (
				9BC75C9F221F803E0024F125 /* flixassignmentTests.swift */,
				9BC75CA1221F803E0024F125 /* Info.plist */,
			);
			path = flixassignmentTests;
			sourceTree = "<group>";
		};
		9BC75CA9221F803E0024F125 /* flixassignmentUITests */ = {
			isa = PBXGroup;
			children = (
				9BC75CAA221F803E0024F125 /* flixassignmentUITests.swift */,
				9BC75CAC221F803E0024F125 /* Info.plist */,
			);
			path = flixassignmentUITests;
			sourceTree = "<group>";
		};
/* End PBXGroup section */

/* Begin PBXNativeTarget section */
		9BC75C86221F803C0024F125 /* flixassignment */ = {
			isa = PBXNativeTarget;
			buildConfigurationList = 9BC75CAF221F803E0024F125 /* Build configuration list for PBXNativeTarget "flixassignment" */;
			buildPhases = (
				9BC75C83221F803C0024F125 /* Sources */,
				9BC75C84221F803C0024F125 /* Frameworks */,
				9BC75C85221F803C0024F125 /* Resources */,
			);
			buildRules = (
			);
			dependencies = (
			);
			name = flixassignment;
			productName = flixassignment;
			productReference = 9BC75C87221F803C0024F125 /* flixassignment.app */;
			productType = "com.apple.product-type.application";
		};
		9BC75C9A221F803E0024F125 /* flixassignmentTests */ = {
			isa = PBXNativeTarget;
			buildConfigurationList = 9BC75CB2221F803E0024F125 /* Build configuration list for PBXNativeTarget "flixassignmentTests" */;
			buildPhases = (
				9BC75C97221F803E0024F125 /* Sources */,
				9BC75C98221F803E0024F125 /* Frameworks */,
				9BC75C99221F803E0024F125 /* Resources */,
			);
			buildRules = (
			);
			dependencies = (
				9BC75C9D221F803E0024F125 /* PBXTargetDependency */,
			);
			name = flixassignmentTests;
			productName = flixassignmentTests;
			productReference = 9BC75C9B221F803E0024F125 /* flixassignmentTests.xctest */;
			productType = "com.apple.product-type.bundle.unit-test";
		};
		9BC75CA5221F803E0024F125 /* flixassignmentUITests */ = {
			isa = PBXNativeTarget;
			buildConfigurationList = 9BC75CB5221F803E0024F125 /* Build configuration list for PBXNativeTarget "flixassignmentUITests" */;
			buildPhases = (
				9BC75CA2221F803E0024F125 /* Sources */,
				9BC75CA3221F803E0024F125 /* Frameworks */,
				9BC75CA4221F803E0024F125 /* Resources */,
			);
			buildRules = (
			);
			dependencies = (
				9BC75CA8221F803E0024F125 /* PBXTargetDependency */,
			);
			name = flixassignmentUITests;
			productName = flixassignmentUITests;
			productReference = 9BC75CA6221F803E0024F125 /* flixassignmentUITests.xctest */;
			productType = "com.apple.product-type.bundle.ui-testing";
		};
/* End PBXNativeTarget section */

/* Begin PBXProject section */
		9BC75C7F221F803C0024F125 /* Project object */ = {
			isa = PBXProject;
			attributes = {
				LastSwiftUpdateCheck = 0940;
				LastUpgradeCheck = 0940;
				ORGANIZATIONNAME = rdowns2;
				TargetAttributes = {
					9BC75C86221F803C0024F125 = {
						CreatedOnToolsVersion = 9.4.1;
					};
					9BC75C9A221F803E0024F125 = {
						CreatedOnToolsVersion = 9.4.1;
						TestTargetID = 9BC75C86221F803C0024F125;
					};
					9BC75CA5221F803E0024F125 = {
						CreatedOnToolsVersion = 9.4.1;
						TestTargetID = 9BC75C86221F803C0024F125;
					};
				};
			};
			buildConfigurationList = 9BC75C82221F803C0024F125 /* Build configuration list for PBXProject "flixassignment" */;
			compatibilityVersion = "Xcode 9.3";
			developmentRegion = en;
			hasScannedForEncodings = 0;
			knownRegions = (
				en,
				Base,
			);
			mainGroup = 9BC75C7E221F803C0024F125;
			productRefGroup = 9BC75C88221F803C0024F125 /* Products */;
			projectDirPath = "";
			projectRoot = "";
			targets = (
				9BC75C86221F803C0024F125 /* flixassignment */,
				9BC75C9A221F803E0024F125 /* flixassignmentTests */,
				9BC75CA5221F803E0024F125 /* flixassignmentUITests */,
			);
		};
/* End PBXProject section */

/* Begin PBXResourcesBuildPhase section */
		9BC75C85221F803C0024F125 /* Resources */ = {
			isa = PBXResourcesBuildPhase;
			buildActionMask = 2147483647;
			files = (
				9BC75C95221F803E0024F125 /* LaunchScreen.storyboard in Resources */,
				9BC75C92221F803E0024F125 /* Assets.xcassets in Resources */,
				9BC75C90221F803C0024F125 /* Main.storyboard in Resources */,
			);
			runOnlyForDeploymentPostprocessing = 0;
		};
		9BC75C99221F803E0024F125 /* Resources */ = {
			isa = PBXResourcesBuildPhase;
			buildActionMask = 2147483647;
			files = (
			);
			runOnlyForDeploymentPostprocessing = 0;
		};
		9BC75CA4221F803E0024F125 /* Resources */ = {
			isa = PBXResourcesBuildPhase;
			buildActionMask = 2147483647;
			files = (
			);
			runOnlyForDeploymentPostprocessing = 0;
		};
/* End PBXResourcesBuildPhase section */

/* Begin PBXSourcesBuildPhase section */
		9BC75C83221F803C0024F125 /* Sources */ = {
			isa = PBXSourcesBuildPhase;
			buildActionMask = 2147483647;
			files = (
				9BC75C8D221F803C0024F125 /* ViewController.swift in Sources */,
				9BC75C8B221F803C0024F125 /* AppDelegate.swift in Sources */,
			);
			runOnlyForDeploymentPostprocessing = 0;
		};
		9BC75C97221F803E0024F125 /* Sources */ = {
			isa = PBXSourcesBuildPhase;
			buildActionMask = 2147483647;
			files = (
				9BC75CA0221F803E0024F125 /* flixassignmentTests.swift in Sources */,
			);
			runOnlyForDeploymentPostprocessing = 0;
		};
		9BC75CA2221F803E0024F125 /* Sources */ = {
			isa = PBXSourcesBuildPhase;
			buildActionMask = 2147483647;
			files = (
				9BC75CAB221F803E0024F125 /* flixassignmentUITests.swift in Sources */,
			);
			runOnlyForDeploymentPostprocessing = 0;
		};
/* End PBXSourcesBuildPhase section */

/* Begin PBXTargetDependency section */
		9BC75C9D221F803E0024F125 /* PBXTargetDependency */ = {
			isa = PBXTargetDependency;
			target = 9BC75C86221F803C0024F125 /* flixassignment */;
			targetProxy = 9BC75C9C221F803E0024F125 /* PBXContainerItemProxy */;
		};
		9BC75CA8221F803E0024F125 /* PBXTargetDependency */ = {
			isa = PBXTargetDependency;
			target = 9BC75C86221F803C0024F125 /* flixassignment */;
			targetProxy = 9BC75CA7221F803E0024F125 /* PBXContainerItemProxy */;
		};
/* End PBXTargetDependency section */

/* Begin PBXVariantGroup section */
		9BC75C8E221F803C0024F125 /* Main.storyboard */ = {
			isa = PBXVariantGroup;
			children = (
				9BC75C8F221F803C0024F125 /* Base */,
			);
			name = Main.storyboard;
			sourceTree = "<group>";
		};
		9BC75C93221F803E0024F125 /* LaunchScreen.storyboard */ = {
			isa = PBXVariantGroup;
			children = (
				9BC75C94221F803E0024F125 /* Base */,
			);
			name = LaunchScreen.storyboard;
			sourceTree = "<group>";
		};
/* End PBXVariantGroup section */

/* Begin XCBuildConfiguration section */
		9BC75CAD221F803E0024F125 /* Debug */ = {
			isa = XCBuildConfiguration;
			buildSettings = {
				ALWAYS_SEARCH_USER_PATHS = NO;
				CLANG_ANALYZER_NONNULL = YES;
				CLANG_ANALYZER_NUMBER_OBJECT_CONVERSION = YES_AGGRESSIVE;
				CLANG_CXX_LANGUAGE_STANDARD = "gnu++14";
				CLANG_CXX_LIBRARY = "libc++";
				CLANG_ENABLE_MODULES = YES;
				CLANG_ENABLE_OBJC_ARC = YES;
				CLANG_ENABLE_OBJC_WEAK = YES;
				CLANG_WARN_BLOCK_CAPTURE_AUTORELEASING = YES;
				CLANG_WARN_BOOL_CONVERSION = YES;
				CLANG_WARN_COMMA = YES;
				CLANG_WARN_CONSTANT_CONVERSION = YES;
				CLANG_WARN_DEPRECATED_OBJC_IMPLEMENTATIONS = YES;
				CLANG_WARN_DIRECT_OBJC_ISA_USAGE = YES_ERROR;
				CLANG_WARN_DOCUMENTATION_COMMENTS = YES;
				CLANG_WARN_EMPTY_BODY = YES;
				CLANG_WARN_ENUM_CONVERSION = YES;
				CLANG_WARN_INFINITE_RECURSION = YES;
				CLANG_WARN_INT_CONVERSION = YES;
				CLANG_WARN_NON_LITERAL_NULL_CONVERSION = YES;
				CLANG_WARN_OBJC_IMPLICIT_RETAIN_SELF = YES;
				CLANG_WARN_OBJC_LITERAL_CONVERSION = YES;
				CLANG_WARN_OBJC_ROOT_CLASS = YES_ERROR;
				CLANG_WARN_RANGE_LOOP_ANALYSIS = YES;
				CLANG_WARN_STRICT_PROTOTYPES = YES;
				CLANG_WARN_SUSPICIOUS_MOVE = YES;
				CLANG_WARN_UNGUARDED_AVAILABILITY = YES_AGGRESSIVE;
				CLANG_WARN_UNREACHABLE_CODE = YES;
				CLANG_WARN__DUPLICATE_METHOD_MATCH = YES;
				CODE_SIGN_IDENTITY = "iPhone Developer";
				COPY_PHASE_STRIP = NO;
				DEBUG_INFORMATION_FORMAT = dwarf;
				ENABLE_STRICT_OBJC_MSGSEND = YES;
				ENABLE_TESTABILITY = YES;
				GCC_C_LANGUAGE_STANDARD = gnu11;
				GCC_DYNAMIC_NO_PIC = NO;
				GCC_NO_COMMON_BLOCKS = YES;
				GCC_OPTIMIZATION_LEVEL = 0;
				GCC_PREPROCESSOR_DEFINITIONS = (
					"DEBUG=1",
					"$(inherited)",
				);
				GCC_WARN_64_TO_32_BIT_CONVERSION = YES;
				GCC_WARN_ABOUT_RETURN_TYPE = YES_ERROR;
				GCC_WARN_UNDECLARED_SELECTOR = YES;
				GCC_WARN_UNINITIALIZED_AUTOS = YES_AGGRESSIVE;
				GCC_WARN_UNUSED_FUNCTION = YES;
				GCC_WARN_UNUSED_VARIABLE = YES;
				IPHONEOS_DEPLOYMENT_TARGET = 11.4;
				MTL_ENABLE_DEBUG_INFO = YES;
				ONLY_ACTIVE_ARCH = YES;
				SDKROOT = iphoneos;
				SWIFT_ACTIVE_COMPILATION_CONDITIONS = DEBUG;
				SWIFT_OPTIMIZATION_LEVEL = "-Onone";
			};
			name = Debug;
		};
		9BC75CAE221F803E0024F125 /* Release */ = {
			isa = XCBuildConfiguration;
			buildSettings = {
				ALWAYS_SEARCH_USER_PATHS = NO;
				CLANG_ANALYZER_NONNULL = YES;
				CLANG_ANALYZER_NUMBER_OBJECT_CONVERSION = YES_AGGRESSIVE;
				CLANG_CXX_LANGUAGE_STANDARD = "gnu++14";
				CLANG_CXX_LIBRARY = "libc++";
				CLANG_ENABLE_MODULES = YES;
				CLANG_ENABLE_OBJC_ARC = YES;
				CLANG_ENABLE_OBJC_WEAK = YES;
				CLANG_WARN_BLOCK_CAPTURE_AUTORELEASING = YES;
				CLANG_WARN_BOOL_CONVERSION = YES;
				CLANG_WARN_COMMA = YES;
				CLANG_WARN_CONSTANT_CONVERSION = YES;
				CLANG_WARN_DEPRECATED_OBJC_IMPLEMENTATIONS = YES;
				CLANG_WARN_DIRECT_OBJC_ISA_USAGE = YES_ERROR;
				CLANG_WARN_DOCUMENTATION_COMMENTS = YES;
				CLANG_WARN_EMPTY_BODY = YES;
				CLANG_WARN_ENUM_CONVERSION = YES;
				CLANG_WARN_INFINITE_RECURSION = YES;
				CLANG_WARN_INT_CONVERSION = YES;
				CLANG_WARN_NON_LITERAL_NULL_CONVERSION = YES;
				CLANG_WARN_OBJC_IMPLICIT_RETAIN_SELF = YES;
				CLANG_WARN_OBJC_LITERAL_CONVERSION = YES;
				CLANG_WARN_OBJC_ROOT_CLASS = YES_ERROR;
				CLANG_WARN_RANGE_LOOP_ANALYSIS = YES;
				CLANG_WARN_STRICT_PROTOTYPES = YES;
				CLANG_WARN_SUSPICIOUS_MOVE = YES;
				CLANG_WARN_UNGUARDED_AVAILABILITY = YES_AGGRESSIVE;
				CLANG_WARN_UNREACHABLE_CODE = YES;
				CLANG_WARN__DUPLICATE_METHOD_MATCH = YES;
				CODE_SIGN_IDENTITY = "iPhone Developer";
				COPY_PHASE_STRIP = NO;
				DEBUG_INFORMATION_FORMAT = "dwarf-with-dsym";
				ENABLE_NS_ASSERTIONS = NO;
				ENABLE_STRICT_OBJC_MSGSEND = YES;
				GCC_C_LANGUAGE_STANDARD = gnu11;
				GCC_NO_COMMON_BLOCKS = YES;
				GCC_WARN_64_TO_32_BIT_CONVERSION = YES;
				GCC_WARN_ABOUT_RETURN_TYPE = YES_ERROR;
				GCC_WARN_UNDECLARED_SELECTOR = YES;
				GCC_WARN_UNINITIALIZED_AUTOS = YES_AGGRESSIVE;
				GCC_WARN_UNUSED_FUNCTION = YES;
				GCC_WARN_UNUSED_VARIABLE = YES;
				IPHONEOS_DEPLOYMENT_TARGET = 11.4;
				MTL_ENABLE_DEBUG_INFO = NO;
				SDKROOT = iphoneos;
				SWIFT_COMPILATION_MODE = wholemodule;
				SWIFT_OPTIMIZATION_LEVEL = "-O";
				VALIDATE_PRODUCT = YES;
			};
			name = Release;
		};
		9BC75CB0221F803E0024F125 /* Debug */ = {
			isa = XCBuildConfiguration;
			buildSettings = {
				ASSETCATALOG_COMPILER_APPICON_NAME = AppIcon;
				CODE_SIGN_STYLE = Automatic;
				INFOPLIST_FILE = flixassignment/Info.plist;
				LD_RUNPATH_SEARCH_PATHS = (
					"$(inherited)",
					"@executable_path/Frameworks",
				);
				PRODUCT_BUNDLE_IDENTIFIER = "iOS-Student.flixassignment";
				PRODUCT_NAME = "$(TARGET_NAME)";
				SWIFT_VERSION = 4.0;
				TARGETED_DEVICE_FAMILY = "1,2";
			};
			name = Debug;
		};
		9BC75CB1221F803E0024F125 /* Release */ = {
			isa = XCBuildConfiguration;
			buildSettings = {
				ASSETCATALOG_COMPILER_APPICON_NAME = AppIcon;
				CODE_SIGN_STYLE = Automatic;
				INFOPLIST_FILE = flixassignment/Info.plist;
				LD_RUNPATH_SEARCH_PATHS = (
					"$(inherited)",
					"@executable_path/Frameworks",
				);
				PRODUCT_BUNDLE_IDENTIFIER = "iOS-Student.flixassignment";
				PRODUCT_NAME = "$(TARGET_NAME)";
				SWIFT_VERSION = 4.0;
				TARGETED_DEVICE_FAMILY = "1,2";
			};
			name = Release;
		};
		9BC75CB3221F803E0024F125 /* Debug */ = {
			isa = XCBuildConfiguration;
			buildSettings = {
				ALWAYS_EMBED_SWIFT_STANDARD_LIBRARIES = YES;
				BUNDLE_LOADER = "$(TEST_HOST)";
				CODE_SIGN_STYLE = Automatic;
				INFOPLIST_FILE = flixassignmentTests/Info.plist;
				LD_RUNPATH_SEARCH_PATHS = (
					"$(inherited)",
					"@executable_path/Frameworks",
					"@loader_path/Frameworks",
				);
				PRODUCT_BUNDLE_IDENTIFIER = "iOS-Student.flixassignmentTests";
				PRODUCT_NAME = "$(TARGET_NAME)";
				SWIFT_VERSION = 4.0;
				TARGETED_DEVICE_FAMILY = "1,2";
				TEST_HOST = "$(BUILT_PRODUCTS_DIR)/flixassignment.app/flixassignment";
			};
			name = Debug;
		};
		9BC75CB4221F803E0024F125 /* Release */ = {
			isa = XCBuildConfiguration;
			buildSettings = {
				ALWAYS_EMBED_SWIFT_STANDARD_LIBRARIES = YES;
				BUNDLE_LOADER = "$(TEST_HOST)";
				CODE_SIGN_STYLE = Automatic;
				INFOPLIST_FILE = flixassignmentTests/Info.plist;
				LD_RUNPATH_SEARCH_PATHS = (
					"$(inherited)",
					"@executable_path/Frameworks",
					"@loader_path/Frameworks",
				);
				PRODUCT_BUNDLE_IDENTIFIER = "iOS-Student.flixassignmentTests";
				PRODUCT_NAME = "$(TARGET_NAME)";
				SWIFT_VERSION = 4.0;
				TARGETED_DEVICE_FAMILY = "1,2";
				TEST_HOST = "$(BUILT_PRODUCTS_DIR)/flixassignment.app/flixassignment";
			};
			name = Release;
		};
		9BC75CB6221F803E0024F125 /* Debug */ = {
			isa = XCBuildConfiguration;
			buildSettings = {
				ALWAYS_EMBED_SWIFT_STANDARD_LIBRARIES = YES;
				CODE_SIGN_STYLE = Automatic;
				INFOPLIST_FILE = flixassignmentUITests/Info.plist;
				LD_RUNPATH_SEARCH_PATHS = (
					"$(inherited)",
					"@executable_path/Frameworks",
					"@loader_path/Frameworks",
				);
				PRODUCT_BUNDLE_IDENTIFIER = "iOS-Student.flixassignmentUITests";
				PRODUCT_NAME = "$(TARGET_NAME)";
				SWIFT_VERSION = 4.0;
				TARGETED_DEVICE_FAMILY = "1,2";
				TEST_TARGET_NAME = flixassignment;
			};
			name = Debug;
		};
		9BC75CB7221F803E0024F125 /* Release */ = {
			isa = XCBuildConfiguration;
			buildSettings = {
				ALWAYS_EMBED_SWIFT_STANDARD_LIBRARIES = YES;
				CODE_SIGN_STYLE = Automatic;
				INFOPLIST_FILE = flixassignmentUITests/Info.plist;
				LD_RUNPATH_SEARCH_PATHS = (
					"$(inherited)",
					"@executable_path/Frameworks",
					"@loader_path/Frameworks",
				);
				PRODUCT_BUNDLE_IDENTIFIER = "iOS-Student.flixassignmentUITests";
				PRODUCT_NAME = "$(TARGET_NAME)";
				SWIFT_VERSION = 4.0;
				TARGETED_DEVICE_FAMILY = "1,2";
				TEST_TARGET_NAME = flixassignment;
			};
			name = Release;
		};
/* End XCBuildConfiguration section */

/* Begin XCConfigurationList section */
		9BC75C82221F803C0024F125 /* Build configuration list for PBXProject "flixassignment" */ = {
			isa = XCConfigurationList;
			buildConfigurations = (
				9BC75CAD221F803E0024F125 /* Debug */,
				9BC75CAE221F803E0024F125 /* Release */,
			);
			defaultConfigurationIsVisible = 0;
			defaultConfigurationName = Release;
		};
		9BC75CAF221F803E0024F125 /* Build configuration list for PBXNativeTarget "flixassignment" */ = {
			isa = XCConfigurationList;
			buildConfigurations = (
				9BC75CB0221F803E0024F125 /* Debug */,
				9BC75CB1221F803E0024F125 /* Release */,
			);
			defaultConfigurationIsVisible = 0;
			defaultConfigurationName = Release;
		};
		9BC75CB2221F803E0024F125 /* Build configuration list for PBXNativeTarget "flixassignmentTests" */ = {
			isa = XCConfigurationList;
			buildConfigurations = (
				9BC75CB3221F803E0024F125 /* Debug */,
				9BC75CB4221F803E0024F125 /* Release */,
			);
			defaultConfigurationIsVisible = 0;
			defaultConfigurationName = Release;
		};
		9BC75CB5221F803E0024F125 /* Build configuration list for PBXNativeTarget "flixassignmentUITests" */ = {
			isa = XCConfigurationList;
			buildConfigurations = (
				9BC75CB6221F803E0024F125 /* Debug */,
				9BC75CB7221F803E0024F125 /* Release */,
			);
			defaultConfigurationIsVisible = 0;
			defaultConfigurationName = Release;
		};
/* End XCConfigurationList section */
	};
	rootObject = 9BC75C7F221F803C0024F125 /* Project object */;
}
